dependencies:
  espressif/mdns:
    component_hash: e81ca7a7f53ea34e78274df054da692c272e1315572876b237b1748e267c013b
    dependencies:
    - name: idf
      require: private
      version: '>=5.0'
    source:
      registry_url: https://components.espressif.com/
      type: service
    version: 1.11.3
  idf:
    source:
      type: idf
    version: 5.4.4
direct_dependencies:
- espressif/mdns
- idf
manifest_hash: 9bbdc73fe074686c21fe7e1ca359b35f9bd43fcd5b2bd5e3af89ec5400d01df7
target: esp32s3
version: 2.0.0
